Microsoft Visual Studio Solution File, Format Version 11.00
# Visual Studio 2008

Project("{99DD9963-2B67-B7E2-A7AD-EADAF9673236}") = "CheckersTest", "Assembly-CSharp.csproj", "{90757AE6-E057-21A3-790A-5A804CBF347D}"
EndProject
Global
	GlobalSection(SolutionConfigurationPlatforms) = preSolution
		Debug|Any CPU = Debug|Any CPU
		Release|Any CPU = Release|Any CPU
	EndGlobalSection
	GlobalSection(ProjectConfigurationPlatforms) = postSolution
		{90757AE6-E057-21A3-790A-5A804CBF347D}.Debug|Any CPU.ActiveCfg = Debug|Any CPU
		{90757AE6-E057-21A3-790A-5A804CBF347D}.Debug|Any CPU.Build.0 = Debug|Any CPU
		{90757AE6-E057-21A3-790A-5A804CBF347D}.Release|Any CPU.ActiveCfg = Release|Any CPU
		{90757AE6-E057-21A3-790A-5A804CBF347D}.Release|Any CPU.Build.0 = Release|Any CPU
	EndGlobalSection
	GlobalSection(SolutionProperties) = preSolution
		HideSolutionNode = FALSE
	EndGlobalSection
	GlobalSection(MonoDevelopProperties) = preSolution
		StartupItem = Assembly-CSharp.csproj
	EndGlobalSection
EndGlobal
